
Microsoft Visual Studio Solution File, Format Version 12.00
# Visual Studio Version 17
VisualStudioVersion = 17.0.31903.59
MinimumVisualStudioVersion = 10.0.40219.1
Project("{FAE04EC0-301F-11D3-BF4B-00C04F79EFBC}") = "Helpers", "Helpers\Helpers.csproj", "{eb67e160-a659-4b23-b967-3ff1bbb80c82}"
EndProject
Project("{FAE04EC0-301F-11D3-BF4B-00C04F79EFBC}") = "Day01", "Day01\Day01.csproj", "{C806C181-2EF0-4ECF-B4F3-ADB5258B4BF8}"
EndProject
Project("{9A19103F-16F7-4668-BE54-9A1E7A4F7556}") = "Day02", "Day02\Day02.csproj", "{872A9603-8EE7-4262-B774-2DCAE156B74B}"
EndProject
Project("{9A19103F-16F7-4668-BE54-9A1E7A4F7556}") = "Day03", "Day03\Day03.csproj", "{CF649AC7-832C-4437-AA56-FB400A95E3C9}"
EndProject
Project("{FAE04EC0-301F-11D3-BF4B-00C04F79EFBC}") = "Day04", "Day04\Day04.csproj", "{357af872-64cc-41bb-a8c2-45d639f4e6f0}"
EndProject
Global
	GlobalSection(SolutionConfigurationPlatforms) = preSolution
		Debug|Any CPU = Debug|Any CPU
		Release|Any CPU = Release|Any CPU
	EndGlobalSection
	GlobalSection(ProjectConfigurationPlatforms) = postSolution
		{C806C181-2EF0-4ECF-B4F3-ADB5258B4BF8}.Debug|Any CPU.ActiveCfg = Debug|Any CPU
		{C806C181-2EF0-4ECF-B4F3-ADB5258B4BF8}.Debug|Any CPU.Build.0 = Debug|Any CPU
		{C806C181-2EF0-4ECF-B4F3-ADB5258B4BF8}.Release|Any CPU.ActiveCfg = Release|Any CPU
		{C806C181-2EF0-4ECF-B4F3-ADB5258B4BF8}.Release|Any CPU.Build.0 = Release|Any CPU
		{872A9603-8EE7-4262-B774-2DCAE156B74B}.Debug|Any CPU.ActiveCfg = Debug|Any CPU
		{872A9603-8EE7-4262-B774-2DCAE156B74B}.Debug|Any CPU.Build.0 = Debug|Any CPU
		{872A9603-8EE7-4262-B774-2DCAE156B74B}.Release|Any CPU.ActiveCfg = Release|Any CPU
		{872A9603-8EE7-4262-B774-2DCAE156B74B}.Release|Any CPU.Build.0 = Release|Any CPU
		{42EBC349-F3CD-4C73-8664-7324FE5E857A}.Debug|Any CPU.ActiveCfg = Debug|Any CPU
		{42EBC349-F3CD-4C73-8664-7324FE5E857A}.Debug|Any CPU.Build.0 = Debug|Any CPU
		{42EBC349-F3CD-4C73-8664-7324FE5E857A}.Release|Any CPU.ActiveCfg = Release|Any CPU
		{42EBC349-F3CD-4C73-8664-7324FE5E857A}.Release|Any CPU.Build.0 = Release|Any CPU
	EndGlobalSection
EndGlobal
